
Microsoft Visual Studio Solution File, Format Version 12.00
# Visual Studio Version 16
VisualStudioVersion = 16.0.810.25
MinimumVisualStudioVersion = 10.0.40219.1
Project("{FAE04EC0-301F-11D3-BF4B-00C04F79EFBC}") = "ProjectDemo", "ProjectDemo\ProjectDemo.csproj", "{409692CF-952E-4E61-BC61-77DC8E896541}"
EndProject
Global
	GlobalSection(SolutionConfigurationPlatforms) = preSolution
		Debug|Any CPU = Debug|Any CPU
		Release|Any CPU = Release|Any CPU
	EndGlobalSection
	GlobalSection(ProjectConfigurationPlatforms) = postSolution
		{409692CF-952E-4E61-BC61-77DC8E896541}.Debug|Any CPU.ActiveCfg = Debug|Any CPU
		{409692CF-952E-4E61-BC61-77DC8E896541}.Debug|Any CPU.Build.0 = Debug|Any CPU
		{409692CF-952E-4E61-BC61-77DC8E896541}.Release|Any CPU.ActiveCfg = Release|Any CPU
		{409692CF-952E-4E61-BC61-77DC8E896541}.Release|Any CPU.Build.0 = Release|Any CPU
	EndGlobalSection
	GlobalSection(SolutionProperties) = preSolution
		HideSolutionNode = FALSE
	EndGlobalSection
	GlobalSection(ExtensibilityGlobals) = postSolution
		SolutionGuid = {25293671-45C8-42BD-9260-78CD0A673710}
	EndGlobalSection
EndGlobal
